// !$*UTF8*$!
{
	archiveVersion = 1;
	classes = {
	};
	objectVersion = 50;
	objects = {

/* Begin PBXBuildFile section */
		C816385B2304B4BC009B2120 /* CarfaxModel.swift in Sources */ = {isa = PBXBuildFile; fileRef = C816385A2304B4BC009B2120 /* CarfaxModel.swift */; };
		C816385F2304B531009B2120 /* RootViewController.swift in Sources */ = {isa = PBXBuildFile; fileRef = C816385E2304B531009B2120 /* RootViewController.swift */; };
		C81638612304B55A009B2120 /* CarfaxFlowController.swift in Sources */ = {isa = PBXBuildFile; fileRef = C81638602304B55A009B2120 /* CarfaxFlowController.swift */; };
		C81638632304B5BF009B2120 /* BaseViewController.swift in Sources */ = {isa = PBXBuildFile; fileRef = C81638622304B5BF009B2120 /* BaseViewController.swift */; };
		C81638662304B5E4009B2120 /* AlertViewPresentable.swift in Sources */ = {isa = PBXBuildFile; fileRef = C81638652304B5E4009B2120 /* AlertViewPresentable.swift */; };
		C81638692304B60C009B2120 /* LoadingScreenPresentable.swift in Sources */ = {isa = PBXBuildFile; fileRef = C81638682304B60C009B2120 /* LoadingScreenPresentable.swift */; };
		C816386B2304B659009B2120 /* NavigationControllerAnimationPresentable.swift in Sources */ = {isa = PBXBuildFile; fileRef = C816386A2304B659009B2120 /* NavigationControllerAnimationPresentable.swift */; };
		C816386D2304B6B6009B2120 /* CustomAlertController.swift in Sources */ = {isa = PBXBuildFile; fileRef = C816386C2304B6B6009B2120 /* CustomAlertController.swift */; };
		C81638702304B6E7009B2120 /* Constants.swift in Sources */ = {isa = PBXBuildFile; fileRef = C816386F2304B6E7009B2120 /* Constants.swift */; };
		C81638722304B733009B2120 /* HelperMethods.swift in Sources */ = {isa = PBXBuildFile; fileRef = C81638712304B733009B2120 /* HelperMethods.swift */; };
		C8B609F32304B1A40048D165 /* AppDelegate.swift in Sources */ = {isa = PBXBuildFile; fileRef = C8B609F22304B1A40048D165 /* AppDelegate.swift */; };
		C8B609F82304B1A50048D165 /* Main.storyboard in Resources */ = {isa = PBXBuildFile; fileRef = C8B609F62304B1A50048D165 /* Main.storyboard */; };
		C8B609FA2304B1A70048D165 /* Assets.xcassets in Resources */ = {isa = PBXBuildFile; fileRef = C8B609F92304B1A70048D165 /* Assets.xcassets */; };
		C8B609FD2304B1A70048D165 /* LaunchScreen.storyboard in Resources */ = {isa = PBXBuildFile; fileRef = C8B609FB2304B1A70048D165 /* LaunchScreen.storyboard */; };
/* End PBXBuildFile section */

/* Begin PBXFileReference section */
		C816385A2304B4BC009B2120 /* CarfaxModel.swift */ = {isa = PBXFileReference; lastKnownFileType = sourcecode.swift; path = CarfaxModel.swift; sourceTree = "<group>"; };
		C816385E2304B531009B2120 /* RootViewController.swift */ = {isa = PBXFileReference; lastKnownFileType = sourcecode.swift; path = RootViewController.swift; sourceTree = "<group>"; };
		C81638602304B55A009B2120 /* CarfaxFlowController.swift */ = {isa = PBXFileReference; lastKnownFileType = sourcecode.swift; path = CarfaxFlowController.swift; sourceTree = "<group>"; };
		C81638622304B5BF009B2120 /* BaseViewController.swift */ = {isa = PBXFileReference; lastKnownFileType = sourcecode.swift; path = BaseViewController.swift; sourceTree = "<group>"; };
		C81638652304B5E4009B2120 /* AlertViewPresentable.swift */ = {isa = PBXFileReference; lastKnownFileType = sourcecode.swift; path = AlertViewPresentable.swift; sourceTree = "<group>"; };
		C81638682304B60C009B2120 /* LoadingScreenPresentable.swift */ = {isa = PBXFileReference; lastKnownFileType = sourcecode.swift; path = LoadingScreenPresentable.swift; sourceTree = "<group>"; };
		C816386A2304B659009B2120 /* NavigationControllerAnimationPresentable.swift */ = {isa = PBXFileReference; lastKnownFileType = sourcecode.swift; path = NavigationControllerAnimationPresentable.swift; sourceTree = "<group>"; };
		C816386C2304B6B6009B2120 /* CustomAlertController.swift */ = {isa = PBXFileReference; lastKnownFileType = sourcecode.swift; path = CustomAlertController.swift; sourceTree = "<group>"; };
		C816386F2304B6E7009B2120 /* Constants.swift */ = {isa = PBXFileReference; lastKnownFileType = sourcecode.swift; path = Constants.swift; sourceTree = "<group>"; };
		C81638712304B733009B2120 /* HelperMethods.swift */ = {isa = PBXFileReference; lastKnownFileType = sourcecode.swift; path = HelperMethods.swift; sourceTree = "<group>"; };
		C8B609EF2304B1A40048D165 /* Carfax.app */ = {isa = PBXFileReference; explicitFileType = wrapper.application; includeInIndex = 0; path = Carfax.app; sourceTree = BUILT_PRODUCTS_DIR; };
		C8B609F22304B1A40048D165 /* AppDelegate.swift */ = {isa = PBXFileReference; lastKnownFileType = sourcecode.swift; path = AppDelegate.swift; sourceTree = "<group>"; };
		C8B609F72304B1A50048D165 /* Base */ = {isa = PBXFileReference; lastKnownFileType = file.storyboard; name = Base; path = Base.lproj/Main.storyboard; sourceTree = "<group>"; };
		C8B609F92304B1A70048D165 /* Assets.xcassets */ = {isa = PBXFileReference; lastKnownFileType = folder.assetcatalog; path = Assets.xcassets; sourceTree = "<group>"; };
		C8B609FC2304B1A70048D165 /* Base */ = {isa = PBXFileReference; lastKnownFileType = file.storyboard; name = Base; path = Base.lproj/LaunchScreen.storyboard; sourceTree = "<group>"; };
		C8B609FE2304B1A70048D165 /* Info.plist */ = {isa = PBXFileReference; lastKnownFileType = text.plist.xml; path = Info.plist; sourceTree = "<group>"; };
/* End PBXFileReference section */

/* Begin PBXFrameworksBuildPhase section */
		C8B609EC2304B1A40048D165 /* Frameworks */ = {
			isa = PBXFrameworksBuildPhase;
			buildActionMask = 2147483647;
			files = (
			);
			runOnlyForDeploymentPostprocessing = 0;
		};
/* End PBXFrameworksBuildPhase section */

/* Begin PBXGroup section */
		C81638562304B485009B2120 /* CarDetails */ = {
			isa = PBXGroup;
			children = (
				C81638592304B4A2009B2120 /* Model */,
				C81638582304B497009B2120 /* ViewModel */,
				C81638572304B493009B2120 /* View */,
			);
			path = CarDetails;
			sourceTree = "<group>";
		};
		C81638572304B493009B2120 /* View */ = {
			isa = PBXGroup;
			children = (
			);
			path = View;
			sourceTree = "<group>";
		};
		C81638582304B497009B2120 /* ViewModel */ = {
			isa = PBXGroup;
			children = (
			);
			path = ViewModel;
			sourceTree = "<group>";
		};
		C81638592304B4A2009B2120 /* Model */ = {
			isa = PBXGroup;
			children = (
				C816385A2304B4BC009B2120 /* CarfaxModel.swift */,
			);
			path = Model;
			sourceTree = "<group>";
		};
		C816385C2304B522009B2120 /* Common */ = {
			isa = PBXGroup;
			children = (
				C816386E2304B6DF009B2120 /* Helper */,
				C81638672304B5FF009B2120 /* Protocols */,
				C81638642304B5D4009B2120 /* Presentables */,
				C816385D2304B525009B2120 /* ViewController */,
			);
			path = Common;
			sourceTree = "<group>";
		};
		C816385D2304B525009B2120 /* ViewController */ = {
			isa = PBXGroup;
			children = (
				C816385E2304B531009B2120 /* RootViewController.swift */,
				C81638622304B5BF009B2120 /* BaseViewController.swift */,
				C81638602304B55A009B2120 /* CarfaxFlowController.swift */,
				C816386C2304B6B6009B2120 /* CustomAlertController.swift */,
			);
			path = ViewController;
			sourceTree = "<group>";
		};
		C81638642304B5D4009B2120 /* Presentables */ = {
			isa = PBXGroup;
			children = (
				C81638652304B5E4009B2120 /* AlertViewPresentable.swift */,
				C816386A2304B659009B2120 /* NavigationControllerAnimationPresentable.swift */,
			);
			path = Presentables;
			sourceTree = "<group>";
		};
		C81638672304B5FF009B2120 /* Protocols */ = {
			isa = PBXGroup;
			children = (
				C81638682304B60C009B2120 /* LoadingScreenPresentable.swift */,
			);
			path = Protocols;
			sourceTree = "<group>";
		};
		C816386E2304B6DF009B2120 /* Helper */ = {
			isa = PBXGroup;
			children = (
				C8B609F22304B1A40048D165 /* AppDelegate.swift */,
				C816386F2304B6E7009B2120 /* Constants.swift */,
				C81638712304B733009B2120 /* HelperMethods.swift */,
			);
			path = Helper;
			sourceTree = "<group>";
		};
		C8B609E62304B1A40048D165 = {
			isa = PBXGroup;
			children = (
				C8B609F12304B1A40048D165 /* Carfax */,
				C8B609F02304B1A40048D165 /* Products */,
			);
			sourceTree = "<group>";
		};
		C8B609F02304B1A40048D165 /* Products */ = {
			isa = PBXGroup;
			children = (
				C8B609EF2304B1A40048D165 /* Carfax.app */,
			);
			name = Products;
			sourceTree = "<group>";
		};
		C8B609F12304B1A40048D165 /* Carfax */ = {
			isa = PBXGroup;
			children = (
				C816385C2304B522009B2120 /* Common */,
				C81638562304B485009B2120 /* CarDetails */,
				C8B609F62304B1A50048D165 /* Main.storyboard */,
				C8B609F92304B1A70048D165 /* Assets.xcassets */,
				C8B609FB2304B1A70048D165 /* LaunchScreen.storyboard */,
				C8B609FE2304B1A70048D165 /* Info.plist */,
			);
			path = Carfax;
			sourceTree = "<group>";
		};
/* End PBXGroup section */

/* Begin PBXNativeTarget section */
		C8B609EE2304B1A40048D165 /* Carfax */ = {
			isa = PBXNativeTarget;
			buildConfigurationList = C8B60A012304B1A70048D165 /* Build configuration list for PBXNativeTarget "Carfax" */;
			buildPhases = (
				C8B609EB2304B1A40048D165 /* Sources */,
				C8B609EC2304B1A40048D165 /* Frameworks */,
				C8B609ED2304B1A40048D165 /* Resources */,
			);
			buildRules = (
			);
			dependencies = (
			);
			name = Carfax;
			productName = Carfax;
			productReference = C8B609EF2304B1A40048D165 /* Carfax.app */;
			productType = "com.apple.product-type.application";
		};
/* End PBXNativeTarget section */

/* Begin PBXProject section */
		C8B609E72304B1A40048D165 /* Project object */ = {
			isa = PBXProject;
			attributes = {
				LastSwiftUpdateCheck = 1030;
				LastUpgradeCheck = 1030;
				ORGANIZATIONNAME = Dheeru;
				TargetAttributes = {
					C8B609EE2304B1A40048D165 = {
						CreatedOnToolsVersion = 10.3;
					};
				};
			};
			buildConfigurationList = C8B609EA2304B1A40048D165 /* Build configuration list for PBXProject "Carfax" */;
			compatibilityVersion = "Xcode 9.3";
			developmentRegion = en;
			hasScannedForEncodings = 0;
			knownRegions = (
				en,
				Base,
			);
			mainGroup = C8B609E62304B1A40048D165;
			productRefGroup = C8B609F02304B1A40048D165 /* Products */;
			projectDirPath = "";
			projectRoot = "";
			targets = (
				C8B609EE2304B1A40048D165 /* Carfax */,
			);
		};
/* End PBXProject section */

/* Begin PBXResourcesBuildPhase section */
		C8B609ED2304B1A40048D165 /* Resources */ = {
			isa = PBXResourcesBuildPhase;
			buildActionMask = 2147483647;
			files = (
				C8B609FD2304B1A70048D165 /* LaunchScreen.storyboard in Resources */,
				C8B609FA2304B1A70048D165 /* Assets.xcassets in Resources */,
				C8B609F82304B1A50048D165 /* Main.storyboard in Resources */,
			);
			runOnlyForDeploymentPostprocessing = 0;
		};
/* End PBXResourcesBuildPhase section */

/* Begin PBXSourcesBuildPhase section */
		C8B609EB2304B1A40048D165 /* Sources */ = {
			isa = PBXSourcesBuildPhase;
			buildActionMask = 2147483647;
			files = (
				C816385B2304B4BC009B2120 /* CarfaxModel.swift in Sources */,
				C81638702304B6E7009B2120 /* Constants.swift in Sources */,
				C81638722304B733009B2120 /* HelperMethods.swift in Sources */,
				C81638612304B55A009B2120 /* CarfaxFlowController.swift in Sources */,
				C81638662304B5E4009B2120 /* AlertViewPresentable.swift in Sources */,
				C816386B2304B659009B2120 /* NavigationControllerAnimationPresentable.swift in Sources */,
				C816386D2304B6B6009B2120 /* CustomAlertController.swift in Sources */,
				C81638692304B60C009B2120 /* LoadingScreenPresentable.swift in Sources */,
				C816385F2304B531009B2120 /* RootViewController.swift in Sources */,
				C8B609F32304B1A40048D165 /* AppDelegate.swift in Sources */,
				C81638632304B5BF009B2120 /* BaseViewController.swift in Sources */,
			);
			runOnlyForDeploymentPostprocessing = 0;
		};
/* End PBXSourcesBuildPhase section */

/* Begin PBXVariantGroup section */
		C8B609F62304B1A50048D165 /* Main.storyboard */ = {
			isa = PBXVariantGroup;
			children = (
				C8B609F72304B1A50048D165 /* Base */,
			);
			name = Main.storyboard;
			sourceTree = "<group>";
		};
		C8B609FB2304B1A70048D165 /* LaunchScreen.storyboard */ = {
			isa = PBXVariantGroup;
			children = (
				C8B609FC2304B1A70048D165 /* Base */,
			);
			name = LaunchScreen.storyboard;
			sourceTree = "<group>";
		};
/* End PBXVariantGroup section */

/* Begin XCBuildConfiguration section */
		C8B609FF2304B1A70048D165 /* Debug */ = {
			isa = XCBuildConfiguration;
			buildSettings = {
				ALWAYS_SEARCH_USER_PATHS = NO;
				CLANG_ANALYZER_NONNULL = YES;
				CLANG_ANALYZER_NUMBER_OBJECT_CONVERSION = YES_AGGRESSIVE;
				CLANG_CXX_LANGUAGE_STANDARD = "gnu++14";
				CLANG_CXX_LIBRARY = "libc++";
				CLANG_ENABLE_MODULES = YES;
				CLANG_ENABLE_OBJC_ARC = YES;
				CLANG_ENABLE_OBJC_WEAK = YES;
				CLANG_WARN_BLOCK_CAPTURE_AUTORELEASING = YES;
				CLANG_WARN_BOOL_CONVERSION = YES;
				CLANG_WARN_COMMA = YES;
				CLANG_WARN_CONSTANT_CONVERSION = YES;
				CLANG_WARN_DEPRECATED_OBJC_IMPLEMENTATIONS = YES;
				CLANG_WARN_DIRECT_OBJC_ISA_USAGE = YES_ERROR;
				CLANG_WARN_DOCUMENTATION_COMMENTS = YES;
				CLANG_WARN_EMPTY_BODY = YES;
				CLANG_WARN_ENUM_CONVERSION = YES;
				CLANG_WARN_INFINITE_RECURSION = YES;
				CLANG_WARN_INT_CONVERSION = YES;
				CLANG_WARN_NON_LITERAL_NULL_CONVERSION = YES;
				CLANG_WARN_OBJC_IMPLICIT_RETAIN_SELF = YES;
				CLANG_WARN_OBJC_LITERAL_CONVERSION = YES;
				CLANG_WARN_OBJC_ROOT_CLASS = YES_ERROR;
				CLANG_WARN_RANGE_LOOP_ANALYSIS = YES;
				CLANG_WARN_STRICT_PROTOTYPES = YES;
				CLANG_WARN_SUSPICIOUS_MOVE = YES;
				CLANG_WARN_UNGUARDED_AVAILABILITY = YES_AGGRESSIVE;
				CLANG_WARN_UNREACHABLE_CODE = YES;
				CLANG_WARN__DUPLICATE_METHOD_MATCH = YES;
				CODE_SIGN_IDENTITY = "iPhone Developer";
				COPY_PHASE_STRIP = NO;
				DEBUG_INFORMATION_FORMAT = dwarf;
				ENABLE_STRICT_OBJC_MSGSEND = YES;
				ENABLE_TESTABILITY = YES;
				GCC_C_LANGUAGE_STANDARD = gnu11;
				GCC_DYNAMIC_NO_PIC = NO;
				GCC_NO_COMMON_BLOCKS = YES;
				GCC_OPTIMIZATION_LEVEL = 0;
				GCC_PREPROCESSOR_DEFINITIONS = (
					"DEBUG=1",
					"$(inherited)",
				);
				GCC_WARN_64_TO_32_BIT_CONVERSION = YES;
				GCC_WARN_ABOUT_RETURN_TYPE = YES_ERROR;
				GCC_WARN_UNDECLARED_SELECTOR = YES;
				GCC_WARN_UNINITIALIZED_AUTOS = YES_AGGRESSIVE;
				GCC_WARN_UNUSED_FUNCTION = YES;
				GCC_WARN_UNUSED_VARIABLE = YES;
				IPHONEOS_DEPLOYMENT_TARGET = 12.4;
				MTL_ENABLE_DEBUG_INFO = INCLUDE_SOURCE;
				MTL_FAST_MATH = YES;
				ONLY_ACTIVE_ARCH = YES;
				SDKROOT = iphoneos;
				SWIFT_ACTIVE_COMPILATION_CONDITIONS = DEBUG;
				SWIFT_OPTIMIZATION_LEVEL = "-Onone";
			};
			name = Debug;
		};
		C8B60A002304B1A70048D165 /* Release */ = {
			isa = XCBuildConfiguration;
			buildSettings = {
				ALWAYS_SEARCH_USER_PATHS = NO;
				CLANG_ANALYZER_NONNULL = YES;
				CLANG_ANALYZER_NUMBER_OBJECT_CONVERSION = YES_AGGRESSIVE;
				CLANG_CXX_LANGUAGE_STANDARD = "gnu++14";
				CLANG_CXX_LIBRARY = "libc++";
				CLANG_ENABLE_MODULES = YES;
				CLANG_ENABLE_OBJC_ARC = YES;
				CLANG_ENABLE_OBJC_WEAK = YES;
				CLANG_WARN_BLOCK_CAPTURE_AUTORELEASING = YES;
				CLANG_WARN_BOOL_CONVERSION = YES;
				CLANG_WARN_COMMA = YES;
				CLANG_WARN_CONSTANT_CONVERSION = YES;
				CLANG_WARN_DEPRECATED_OBJC_IMPLEMENTATIONS = YES;
				CLANG_WARN_DIRECT_OBJC_ISA_USAGE = YES_ERROR;
				CLANG_WARN_DOCUMENTATION_COMMENTS = YES;
				CLANG_WARN_EMPTY_BODY = YES;
				CLANG_WARN_ENUM_CONVERSION = YES;
				CLANG_WARN_INFINITE_RECURSION = YES;
				CLANG_WARN_INT_CONVERSION = YES;
				CLANG_WARN_NON_LITERAL_NULL_CONVERSION = YES;
				CLANG_WARN_OBJC_IMPLICIT_RETAIN_SELF = YES;
				CLANG_WARN_OBJC_LITERAL_CONVERSION = YES;
				CLANG_WARN_OBJC_ROOT_CLASS = YES_ERROR;
				CLANG_WARN_RANGE_LOOP_ANALYSIS = YES;
				CLANG_WARN_STRICT_PROTOTYPES = YES;
				CLANG_WARN_SUSPICIOUS_MOVE = YES;
				CLANG_WARN_UNGUARDED_AVAILABILITY = YES_AGGRESSIVE;
				CLANG_WARN_UNREACHABLE_CODE = YES;
				CLANG_WARN__DUPLICATE_METHOD_MATCH = YES;
				CODE_SIGN_IDENTITY = "iPhone Developer";
				COPY_PHASE_STRIP = NO;
				DEBUG_INFORMATION_FORMAT = "dwarf-with-dsym";
				ENABLE_NS_ASSERTIONS = NO;
				ENABLE_STRICT_OBJC_MSGSEND = YES;
				GCC_C_LANGUAGE_STANDARD = gnu11;
				GCC_NO_COMMON_BLOCKS = YES;
				GCC_WARN_64_TO_32_BIT_CONVERSION = YES;
				GCC_WARN_ABOUT_RETURN_TYPE = YES_ERROR;
				GCC_WARN_UNDECLARED_SELECTOR = YES;
				GCC_WARN_UNINITIALIZED_AUTOS = YES_AGGRESSIVE;
				GCC_WARN_UNUSED_FUNCTION = YES;
				GCC_WARN_UNUSED_VARIABLE = YES;
				IPHONEOS_DEPLOYMENT_TARGET = 12.4;
				MTL_ENABLE_DEBUG_INFO = NO;
				MTL_FAST_MATH = YES;
				SDKROOT = iphoneos;
				SWIFT_COMPILATION_MODE = wholemodule;
				SWIFT_OPTIMIZATION_LEVEL = "-O";
				VALIDATE_PRODUCT = YES;
			};
			name = Release;
		};
		C8B60A022304B1A70048D165 /* Debug */ = {
			isa = XCBuildConfiguration;
			buildSettings = {
				ASSETCATALOG_COMPILER_APPICON_NAME = AppIcon;
				CODE_SIGN_STYLE = Automatic;
				DEVELOPMENT_TEAM = J43L6556CC;
				INFOPLIST_FILE = Carfax/Info.plist;
				LD_RUNPATH_SEARCH_PATHS = (
					"$(inherited)",
					"@executable_path/Frameworks",
				);
				PRODUCT_BUNDLE_IDENTIFIER = com.PurplePetals.Carfax;
				PRODUCT_NAME = "$(TARGET_NAME)";
				SWIFT_VERSION = 5.0;
				TARGETED_DEVICE_FAMILY = "1,2";
			};
			name = Debug;
		};
		C8B60A032304B1A70048D165 /* Release */ = {
			isa = XCBuildConfiguration;
			buildSettings = {
				ASSETCATALOG_COMPILER_APPICON_NAME = AppIcon;
				CODE_SIGN_STYLE = Automatic;
				DEVELOPMENT_TEAM = J43L6556CC;
				INFOPLIST_FILE = Carfax/Info.plist;
				LD_RUNPATH_SEARCH_PATHS = (
					"$(inherited)",
					"@executable_path/Frameworks",
				);
				PRODUCT_BUNDLE_IDENTIFIER = com.PurplePetals.Carfax;
				PRODUCT_NAME = "$(TARGET_NAME)";
				SWIFT_VERSION = 5.0;
				TARGETED_DEVICE_FAMILY = "1,2";
			};
			name = Release;
		};
/* End XCBuildConfiguration section */

/* Begin XCConfigurationList section */
		C8B609EA2304B1A40048D165 /* Build configuration list for PBXProject "Carfax" */ = {
			isa = XCConfigurationList;
			buildConfigurations = (
				C8B609FF2304B1A70048D165 /* Debug */,
				C8B60A002304B1A70048D165 /* Release */,
			);
			defaultConfigurationIsVisible = 0;
			defaultConfigurationName = Release;
		};
		C8B60A012304B1A70048D165 /* Build configuration list for PBXNativeTarget "Carfax" */ = {
			isa = XCConfigurationList;
			buildConfigurations = (
				C8B60A022304B1A70048D165 /* Debug */,
				C8B60A032304B1A70048D165 /* Release */,
			);
			defaultConfigurationIsVisible = 0;
			defaultConfigurationName = Release;
		};
/* End XCConfigurationList section */
	};
	rootObject = C8B609E72304B1A40048D165 /* Project object */;
}
